
Microsoft Visual Studio Solution File, Format Version 12.00
# Visual Studio Version 17
VisualStudioVersion = 17.7.34024.191
MinimumVisualStudioVersion = 10.0.40219.1
Project("{2150E333-8FDC-42A3-9474-1A3956D46DE8}") = "Microservices", "Microservices", "{D1B3B195-EAD3-4503-97CE-31C1D4675BD1}"
EndProject
Project("{2150E333-8FDC-42A3-9474-1A3956D46DE8}") = "Domain", "Domain", "{60DF48DA-D8BC-463E-9A05-E17F6F8AB4B4}"
EndProject
Project("{2150E333-8FDC-42A3-9474-1A3956D46DE8}") = "Infrastructure.Bus", "Infrastructure.Bus", "{D1C036BC-9C72-45D7-B15D-CA54C7F3B56B}"
EndProject
Project("{2150E333-8FDC-42A3-9474-1A3956D46DE8}") = "Infrastructure.IoC", "Infrastructure.IoC", "{75E36285-1A52-45CA-B78B-2EB715891CEF}"
EndProject
Project("{2150E333-8FDC-42A3-9474-1A3956D46DE8}") = "Presentation", "Presentation", "{3195AD1B-406E-4400-AF7A-4E38D7B12B87}"
EndProject
Project("{9A19103F-16F7-4668-BE54-9A1E7A4F7556}") = "RabbitMQ-MicroServices.Domain.Core", "RabbitMQ-MicroServices.Domain.Core\RabbitMQ-MicroServices.Domain.Core.csproj", "{E0F8C35D-AAB1-4A3B-83D0-F000058FF33D}"
EndProject
Project("{9A19103F-16F7-4668-BE54-9A1E7A4F7556}") = "RabbitMQ-MicroServices.Infrastructure.Bus", "RabbitMQ-MicroServices.Infrastructure.Bus\RabbitMQ-MicroServices.Infrastructure.Bus.csproj", "{61B98C53-9FEB-4CBA-B7D0-7AC2F4164490}"
EndProject
Project("{2150E333-8FDC-42A3-9474-1A3956D46DE8}") = "Solution Items", "Solution Items", "{037FAD55-4A9C-4605-A4D7-FDF701A8DD7C}"
	ProjectSection(SolutionItems) = preProject
		.editorconfig = .editorconfig
	EndProjectSection
EndProject
Project("{9A19103F-16F7-4668-BE54-9A1E7A4F7556}") = "RabbitMQ-Microservices.Infrastructure.IoC", "RabbitMQ-Microservices.Infrastructure.IoC\RabbitMQ-Microservices.Infrastructure.IoC.csproj", "{ADD25A69-444C-4B50-9618-4F274C8B9829}"
EndProject
Project("{2150E333-8FDC-42A3-9474-1A3956D46DE8}") = "Banking", "Banking", "{9FDD4AF4-52E6-4F8F-96E1-24ACF9C1E71D}"
EndProject
Project("{2150E333-8FDC-42A3-9474-1A3956D46DE8}") = "Api", "Api", "{24F389BC-AF01-4C00-8A4A-1F643EE1C5B0}"
EndProject
Project("{2150E333-8FDC-42A3-9474-1A3956D46DE8}") = "Application", "Application", "{BDC028E4-B002-4FE2-A5A6-87C67F695076}"
EndProject
Project("{2150E333-8FDC-42A3-9474-1A3956D46DE8}") = "Data", "Data", "{74EE0407-D5BC-40EB-BA06-66E4B180B8BB}"
EndProject
Project("{2150E333-8FDC-42A3-9474-1A3956D46DE8}") = "Domain", "Domain", "{649D7E0A-E3B7-4A22-B389-187FA4E10656}"
EndProject
Project("{FAE04EC0-301F-11D3-BF4B-00C04F79EFBC}") = "RabbitMQ-Microservices.Banking.Api", "RabbitMQ-Microservices.Banking.Api\RabbitMQ-Microservices.Banking.Api.csproj", "{895BA975-9487-4768-9DA1-0D53CD999489}"
EndProject
Project("{FAE04EC0-301F-11D3-BF4B-00C04F79EFBC}") = "RabbitMQ-Microservices.Banking.Application", "RabbitMQ-Microservices.Banking.Application\RabbitMQ-Microservices.Banking.Application.csproj", "{7C897B68-5113-4582-910A-A256AB7FD50A}"
EndProject
Global
	GlobalSection(SolutionConfigurationPlatforms) = preSolution
		Debug|Any CPU = Debug|Any CPU
		Release|Any CPU = Release|Any CPU
	EndGlobalSection
	GlobalSection(ProjectConfigurationPlatforms) = postSolution
		{E0F8C35D-AAB1-4A3B-83D0-F000058FF33D}.Debug|Any CPU.ActiveCfg = Debug|Any CPU
		{E0F8C35D-AAB1-4A3B-83D0-F000058FF33D}.Debug|Any CPU.Build.0 = Debug|Any CPU
		{E0F8C35D-AAB1-4A3B-83D0-F000058FF33D}.Release|Any CPU.ActiveCfg = Release|Any CPU
		{E0F8C35D-AAB1-4A3B-83D0-F000058FF33D}.Release|Any CPU.Build.0 = Release|Any CPU
		{61B98C53-9FEB-4CBA-B7D0-7AC2F4164490}.Debug|Any CPU.ActiveCfg = Debug|Any CPU
		{61B98C53-9FEB-4CBA-B7D0-7AC2F4164490}.Debug|Any CPU.Build.0 = Debug|Any CPU
		{61B98C53-9FEB-4CBA-B7D0-7AC2F4164490}.Release|Any CPU.ActiveCfg = Release|Any CPU
		{61B98C53-9FEB-4CBA-B7D0-7AC2F4164490}.Release|Any CPU.Build.0 = Release|Any CPU
		{ADD25A69-444C-4B50-9618-4F274C8B9829}.Debug|Any CPU.ActiveCfg = Debug|Any CPU
		{ADD25A69-444C-4B50-9618-4F274C8B9829}.Debug|Any CPU.Build.0 = Debug|Any CPU
		{ADD25A69-444C-4B50-9618-4F274C8B9829}.Release|Any CPU.ActiveCfg = Release|Any CPU
		{ADD25A69-444C-4B50-9618-4F274C8B9829}.Release|Any CPU.Build.0 = Release|Any CPU
		{895BA975-9487-4768-9DA1-0D53CD999489}.Debug|Any CPU.ActiveCfg = Debug|Any CPU
		{895BA975-9487-4768-9DA1-0D53CD999489}.Debug|Any CPU.Build.0 = Debug|Any CPU
		{895BA975-9487-4768-9DA1-0D53CD999489}.Release|Any CPU.ActiveCfg = Release|Any CPU
		{895BA975-9487-4768-9DA1-0D53CD999489}.Release|Any CPU.Build.0 = Release|Any CPU
		{7C897B68-5113-4582-910A-A256AB7FD50A}.Debug|Any CPU.ActiveCfg = Debug|Any CPU
		{7C897B68-5113-4582-910A-A256AB7FD50A}.Debug|Any CPU.Build.0 = Debug|Any CPU
		{7C897B68-5113-4582-910A-A256AB7FD50A}.Release|Any CPU.ActiveCfg = Release|Any CPU
		{7C897B68-5113-4582-910A-A256AB7FD50A}.Release|Any CPU.Build.0 = Release|Any CPU
	EndGlobalSection
	GlobalSection(SolutionProperties) = preSolution
		HideSolutionNode = FALSE
	EndGlobalSection
	GlobalSection(NestedProjects) = preSolution
		{E0F8C35D-AAB1-4A3B-83D0-F000058FF33D} = {60DF48DA-D8BC-463E-9A05-E17F6F8AB4B4}
		{61B98C53-9FEB-4CBA-B7D0-7AC2F4164490} = {D1C036BC-9C72-45D7-B15D-CA54C7F3B56B}
		{ADD25A69-444C-4B50-9618-4F274C8B9829} = {75E36285-1A52-45CA-B78B-2EB715891CEF}
		{9FDD4AF4-52E6-4F8F-96E1-24ACF9C1E71D} = {D1B3B195-EAD3-4503-97CE-31C1D4675BD1}
		{24F389BC-AF01-4C00-8A4A-1F643EE1C5B0} = {9FDD4AF4-52E6-4F8F-96E1-24ACF9C1E71D}
		{BDC028E4-B002-4FE2-A5A6-87C67F695076} = {9FDD4AF4-52E6-4F8F-96E1-24ACF9C1E71D}
		{74EE0407-D5BC-40EB-BA06-66E4B180B8BB} = {9FDD4AF4-52E6-4F8F-96E1-24ACF9C1E71D}
		{649D7E0A-E3B7-4A22-B389-187FA4E10656} = {9FDD4AF4-52E6-4F8F-96E1-24ACF9C1E71D}
		{895BA975-9487-4768-9DA1-0D53CD999489} = {24F389BC-AF01-4C00-8A4A-1F643EE1C5B0}
		{7C897B68-5113-4582-910A-A256AB7FD50A} = {BDC028E4-B002-4FE2-A5A6-87C67F695076}
	EndGlobalSection
	GlobalSection(ExtensibilityGlobals) = postSolution
		SolutionGuid = {478AF1E2-116E-4C23-A97D-77C9343D99E9}
	EndGlobalSection
EndGlobal
